
Microsoft Visual Studio Solution File, Format Version 12.00
# Visual Studio 15
Project("{FAE04EC0-301F-11D3-BF4B-00C04F79EFBC}") = "CoinKOL", "CoinKOL\CoinKOL.csproj", "{C136EBA9-9293-4407-9BA9-7EE8EBF409B4}"
EndProject
Project("{9344BDBB-3E7F-41FC-A0DD-8665D75EE146}") = "NBitcoin", "..\NBitcoin-master\NBitcoin\NBitcoin.csproj", "{97DE94E3-5504-4511-A88C-5AB9C8489E9C}"
EndProject
Project("{9344BDBB-3E7F-41FC-A0DD-8665D75EE146}") = "NBitcoin.Tests", "..\NBitcoin-master\NBitcoin.Tests\NBitcoin.Tests.csproj", "{394B7918-A158-4531-B46A-A67B56408113}"
EndProject
Global
	GlobalSection(SolutionConfigurationPlatforms) = preSolution
		Debug|Any CPU = Debug|Any CPU
		Release|Any CPU = Release|Any CPU
	EndGlobalSection
	GlobalSection(ProjectConfigurationPlatforms) = postSolution
		{C136EBA9-9293-4407-9BA9-7EE8EBF409B4}.Debug|Any CPU.ActiveCfg = Debug|Any CPU
		{C136EBA9-9293-4407-9BA9-7EE8EBF409B4}.Debug|Any CPU.Build.0 = Debug|Any CPU
		{C136EBA9-9293-4407-9BA9-7EE8EBF409B4}.Release|Any CPU.ActiveCfg = Release|Any CPU
		{C136EBA9-9293-4407-9BA9-7EE8EBF409B4}.Release|Any CPU.Build.0 = Release|Any CPU
		{97DE94E3-5504-4511-A88C-5AB9C8489E9C}.Debug|Any CPU.ActiveCfg = Debug|Any CPU
		{97DE94E3-5504-4511-A88C-5AB9C8489E9C}.Debug|Any CPU.Build.0 = Debug|Any CPU
		{97DE94E3-5504-4511-A88C-5AB9C8489E9C}.Release|Any CPU.ActiveCfg = Release|Any CPU
		{97DE94E3-5504-4511-A88C-5AB9C8489E9C}.Release|Any CPU.Build.0 = Release|Any CPU
		{394B7918-A158-4531-B46A-A67B56408113}.Debug|Any CPU.ActiveCfg = Debug|Any CPU
		{394B7918-A158-4531-B46A-A67B56408113}.Debug|Any CPU.Build.0 = Debug|Any CPU
		{394B7918-A158-4531-B46A-A67B56408113}.Release|Any CPU.ActiveCfg = Release|Any CPU
		{394B7918-A158-4531-B46A-A67B56408113}.Release|Any CPU.Build.0 = Release|Any CPU
	EndGlobalSection
EndGlobal
